// !$*UTF8*$!
{
	archiveVersion = 1;
	classes = {
	};
	objectVersion = 48;
	objects = {

/* Begin PBXBuildFile section */
		CE6801911FDA94F10056D802 /* AppDelegate.m in Sources */ = {isa = PBXBuildFile; fileRef = CE6801901FDA94F10056D802 /* AppDelegate.m */; };
		CE6801991FDA94F10056D802 /* Assets.xcassets in Resources */ = {isa = PBXBuildFile; fileRef = CE6801981FDA94F10056D802 /* Assets.xcassets */; };
		CE68019C1FDA94F10056D802 /* LaunchScreen.storyboard in Resources */ = {isa = PBXBuildFile; fileRef = CE68019A1FDA94F10056D802 /* LaunchScreen.storyboard */; };
		CE68019F1FDA94F10056D802 /* main.m in Sources */ = {isa = PBXBuildFile; fileRef = CE68019E1FDA94F10056D802 /* main.m */; };
		CE6801A91FDA94F10056D802 /* HypnoNerdTests.m in Sources */ = {isa = PBXBuildFile; fileRef = CE6801A81FDA94F10056D802 /* HypnoNerdTests.m */; };
		CE6801B41FDA94F10056D802 /* HypnoNerdUITests.m in Sources */ = {isa = PBXBuildFile; fileRef = CE6801B31FDA94F10056D802 /* HypnoNerdUITests.m */; };
		CE6801C31FDA95100056D802 /* HypnosisView.m in Sources */ = {isa = PBXBuildFile; fileRef = CE6801C21FDA95100056D802 /* HypnosisView.m */; };
		CE6801C61FDA97F10056D802 /* HypnosisViewController.m in Sources */ = {isa = PBXBuildFile; fileRef = CE6801C51FDA97F10056D802 /* HypnosisViewController.m */; };
		CE84C5871FE1027D00642A52 /* ReminderViewController.m in Sources */ = {isa = PBXBuildFile; fileRef = CE84C5861FE1027D00642A52 /* ReminderViewController.m */; };
		CE84C5891FE1029E00642A52 /* ReminderViewController.xib in Resources */ = {isa = PBXBuildFile; fileRef = CE84C5881FE1029E00642A52 /* ReminderViewController.xib */; };
/* End PBXBuildFile section */

/* Begin PBXContainerItemProxy section */
		CE6801A51FDA94F10056D802 /* PBXContainerItemProxy */ = {
			isa = PBXContainerItemProxy;
			containerPortal = CE6801841FDA94F10056D802 /* Project object */;
			proxyType = 1;
			remoteGlobalIDString = CE68018B1FDA94F10056D802;
			remoteInfo = HypnoNerd;
		};
		CE6801B01FDA94F10056D802 /* PBXContainerItemProxy */ = {
			isa = PBXContainerItemProxy;
			containerPortal = CE6801841FDA94F10056D802 /* Project object */;
			proxyType = 1;
			remoteGlobalIDString = CE68018B1FDA94F10056D802;
			remoteInfo = HypnoNerd;
		};
/* End PBXContainerItemProxy section */

/* Begin PBXFileReference section */
		CE68018C1FDA94F10056D802 /* HypnoNerd.app */ = {isa = PBXFileReference; explicitFileType = wrapper.application; includeInIndex = 0; path = HypnoNerd.app; sourceTree = BUILT_PRODUCTS_DIR; };
		CE68018F1FDA94F10056D802 /* AppDelegate.h */ = {isa = PBXFileReference; lastKnownFileType = sourcecode.c.h; path = AppDelegate.h; sourceTree = "<group>"; };
		CE6801901FDA94F10056D802 /* AppDelegate.m */ = {isa = PBXFileReference; lastKnownFileType = sourcecode.c.objc; path = AppDelegate.m; sourceTree = "<group>"; };
		CE6801981FDA94F10056D802 /* Assets.xcassets */ = {isa = PBXFileReference; lastKnownFileType = folder.assetcatalog; path = Assets.xcassets; sourceTree = "<group>"; };
		CE68019B1FDA94F10056D802 /* Base */ = {isa = PBXFileReference; lastKnownFileType = file.storyboard; name = Base; path = Base.lproj/LaunchScreen.storyboard; sourceTree = "<group>"; };
		CE68019D1FDA94F10056D802 /* Info.plist */ = {isa = PBXFileReference; lastKnownFileType = text.plist.xml; path = Info.plist; sourceTree = "<group>"; };
		CE68019E1FDA94F10056D802 /* main.m */ = {isa = PBXFileReference; lastKnownFileType = sourcecode.c.objc; path = main.m; sourceTree = "<group>"; };
		CE6801A41FDA94F10056D802 /* HypnoNerdTests.xctest */ = {isa = PBXFileReference; explicitFileType = wrapper.cfbundle; includeInIndex = 0; path = HypnoNerdTests.xctest; sourceTree = BUILT_PRODUCTS_DIR; };
		CE6801A81FDA94F10056D802 /* HypnoNerdTests.m */ = {isa = PBXFileReference; lastKnownFileType = sourcecode.c.objc; path = HypnoNerdTests.m; sourceTree = "<group>"; };
		CE6801AA1FDA94F10056D802 /* Info.plist */ = {isa = PBXFileReference; lastKnownFileType = text.plist.xml; path = Info.plist; sourceTree = "<group>"; };
		CE6801AF1FDA94F10056D802 /* HypnoNerdUITests.xctest */ = {isa = PBXFileReference; explicitFileType = wrapper.cfbundle; includeInIndex = 0; path = HypnoNerdUITests.xctest; sourceTree = BUILT_PRODUCTS_DIR; };
		CE6801B31FDA94F10056D802 /* HypnoNerdUITests.m */ = {isa = PBXFileReference; lastKnownFileType = sourcecode.c.objc; path = HypnoNerdUITests.m; sourceTree = "<group>"; };
		CE6801B51FDA94F10056D802 /* Info.plist */ = {isa = PBXFileReference; lastKnownFileType = text.plist.xml; path = Info.plist; sourceTree = "<group>"; };
		CE6801C11FDA95100056D802 /* HypnosisView.h */ = {isa = PBXFileReference; lastKnownFileType = sourcecode.c.h; path = HypnosisView.h; sourceTree = "<group>"; };
		CE6801C21FDA95100056D802 /* HypnosisView.m */ = {isa = PBXFileReference; lastKnownFileType = sourcecode.c.objc; path = HypnosisView.m; sourceTree = "<group>"; };
		CE6801C41FDA97F10056D802 /* HypnosisViewController.h */ = {isa = PBXFileReference; lastKnownFileType = sourcecode.c.h; path = HypnosisViewController.h; sourceTree = "<group>"; };
		CE6801C51FDA97F10056D802 /* HypnosisViewController.m */ = {isa = PBXFileReference; lastKnownFileType = sourcecode.c.objc; path = HypnosisViewController.m; sourceTree = "<group>"; };
		CE84C5851FE1027D00642A52 /* ReminderViewController.h */ = {isa = PBXFileReference; lastKnownFileType = sourcecode.c.h; path = ReminderViewController.h; sourceTree = "<group>"; };
		CE84C5861FE1027D00642A52 /* ReminderViewController.m */ = {isa = PBXFileReference; lastKnownFileType = sourcecode.c.objc; path = ReminderViewController.m; sourceTree = "<group>"; };
		CE84C5881FE1029E00642A52 /* ReminderViewController.xib */ = {isa = PBXFileReference; lastKnownFileType = file.xib; path = ReminderViewController.xib; sourceTree = "<group>"; };
/* End PBXFileReference section */

/* Begin PBXFrameworksBuildPhase section */
		CE6801891FDA94F10056D802 /* Frameworks */ = {
			isa = PBXFrameworksBuildPhase;
			buildActionMask = 2147483647;
			files = (
			);
			runOnlyForDeploymentPostprocessing = 0;
		};
		CE6801A11FDA94F10056D802 /* Frameworks */ = {
			isa = PBXFrameworksBuildPhase;
			buildActionMask = 2147483647;
			files = (
			);
			runOnlyForDeploymentPostprocessing = 0;
		};
		CE6801AC1FDA94F10056D802 /* Frameworks */ = {
			isa = PBXFrameworksBuildPhase;
			buildActionMask = 2147483647;
			files = (
			);
			runOnlyForDeploymentPostprocessing = 0;
		};
/* End PBXFrameworksBuildPhase section */

/* Begin PBXGroup section */
		CE6801831FDA94F10056D802 = {
			isa = PBXGroup;
			children = (
				CE68018E1FDA94F10056D802 /* HypnoNerd */,
				CE6801A71FDA94F10056D802 /* HypnoNerdTests */,
				CE6801B21FDA94F10056D802 /* HypnoNerdUITests */,
				CE68018D1FDA94F10056D802 /* Products */,
			);
			sourceTree = "<group>";
		};
		CE68018D1FDA94F10056D802 /* Products */ = {
			isa = PBXGroup;
			children = (
				CE68018C1FDA94F10056D802 /* HypnoNerd.app */,
				CE6801A41FDA94F10056D802 /* HypnoNerdTests.xctest */,
				CE6801AF1FDA94F10056D802 /* HypnoNerdUITests.xctest */,
			);
			name = Products;
			sourceTree = "<group>";
		};
		CE68018E1FDA94F10056D802 /* HypnoNerd */ = {
			isa = PBXGroup;
			children = (
				CE68018F1FDA94F10056D802 /* AppDelegate.h */,
				CE6801901FDA94F10056D802 /* AppDelegate.m */,
				CE6801C11FDA95100056D802 /* HypnosisView.h */,
				CE6801C21FDA95100056D802 /* HypnosisView.m */,
				CE6801C41FDA97F10056D802 /* HypnosisViewController.h */,
				CE6801C51FDA97F10056D802 /* HypnosisViewController.m */,
				CE84C5851FE1027D00642A52 /* ReminderViewController.h */,
				CE84C5861FE1027D00642A52 /* ReminderViewController.m */,
				CE84C5881FE1029E00642A52 /* ReminderViewController.xib */,
				CE6801981FDA94F10056D802 /* Assets.xcassets */,
				CE68019A1FDA94F10056D802 /* LaunchScreen.storyboard */,
				CE68019D1FDA94F10056D802 /* Info.plist */,
				CE68019E1FDA94F10056D802 /* main.m */,
			);
			path = HypnoNerd;
			sourceTree = "<group>";
		};
		CE6801A71FDA94F10056D802 /* HypnoNerdTests */ = {
			isa = PBXGroup;
			children = (
				CE6801A81FDA94F10056D802 /* HypnoNerdTests.m */,
				CE6801AA1FDA94F10056D802 /* Info.plist */,
			);
			path = HypnoNerdTests;
			sourceTree = "<group>";
		};
		CE6801B21FDA94F10056D802 /* HypnoNerdUITests */ = {
			isa = PBXGroup;
			children = (
				CE6801B31FDA94F10056D802 /* HypnoNerdUITests.m */,
				CE6801B51FDA94F10056D802 /* Info.plist */,
			);
			path = HypnoNerdUITests;
			sourceTree = "<group>";
		};
/* End PBXGroup section */

/* Begin PBXNativeTarget section */
		CE68018B1FDA94F10056D802 /* HypnoNerd */ = {
			isa = PBXNativeTarget;
			buildConfigurationList = CE6801B81FDA94F10056D802 /* Build configuration list for PBXNativeTarget "HypnoNerd" */;
			buildPhases = (
				CE6801881FDA94F10056D802 /* Sources */,
				CE6801891FDA94F10056D802 /* Frameworks */,
				CE68018A1FDA94F10056D802 /* Resources */,
			);
			buildRules = (
			);
			dependencies = (
			);
			name = HypnoNerd;
			productName = HypnoNerd;
			productReference = CE68018C1FDA94F10056D802 /* HypnoNerd.app */;
			productType = "com.apple.product-type.application";
		};
		CE6801A31FDA94F10056D802 /* HypnoNerdTests */ = {
			isa = PBXNativeTarget;
			buildConfigurationList = CE6801BB1FDA94F10056D802 /* Build configuration list for PBXNativeTarget "HypnoNerdTests" */;
			buildPhases = (
				CE6801A01FDA94F10056D802 /* Sources */,
				CE6801A11FDA94F10056D802 /* Frameworks */,
				CE6801A21FDA94F10056D802 /* Resources */,
			);
			buildRules = (
			);
			dependencies = (
				CE6801A61FDA94F10056D802 /* PBXTargetDependency */,
			);
			name = HypnoNerdTests;
			productName = HypnoNerdTests;
			productReference = CE6801A41FDA94F10056D802 /* HypnoNerdTests.xctest */;
			productType = "com.apple.product-type.bundle.unit-test";
		};
		CE6801AE1FDA94F10056D802 /* HypnoNerdUITests */ = {
			isa = PBXNativeTarget;
			buildConfigurationList = CE6801BE1FDA94F10056D802 /* Build configuration list for PBXNativeTarget "HypnoNerdUITests" */;
			buildPhases = (
				CE6801AB1FDA94F10056D802 /* Sources */,
				CE6801AC1FDA94F10056D802 /* Frameworks */,
				CE6801AD1FDA94F10056D802 /* Resources */,
			);
			buildRules = (
			);
			dependencies = (
				CE6801B11FDA94F10056D802 /* PBXTargetDependency */,
			);
			name = HypnoNerdUITests;
			productName = HypnoNerdUITests;
			productReference = CE6801AF1FDA94F10056D802 /* HypnoNerdUITests.xctest */;
			productType = "com.apple.product-type.bundle.ui-testing";
		};
/* End PBXNativeTarget section */

/* Begin PBXProject section */
		CE6801841FDA94F10056D802 /* Project object */ = {
			isa = PBXProject;
			attributes = {
				LastUpgradeCheck = 0920;
				ORGANIZATIONNAME = USER;
				TargetAttributes = {
					CE68018B1FDA94F10056D802 = {
						CreatedOnToolsVersion = 9.2;
						ProvisioningStyle = Automatic;
					};
					CE6801A31FDA94F10056D802 = {
						CreatedOnToolsVersion = 9.2;
						ProvisioningStyle = Automatic;
						TestTargetID = CE68018B1FDA94F10056D802;
					};
					CE6801AE1FDA94F10056D802 = {
						CreatedOnToolsVersion = 9.2;
						ProvisioningStyle = Automatic;
						TestTargetID = CE68018B1FDA94F10056D802;
					};
				};
			};
			buildConfigurationList = CE6801871FDA94F10056D802 /* Build configuration list for PBXProject "HypnoNerd" */;
			compatibilityVersion = "Xcode 8.0";
			developmentRegion = en;
			hasScannedForEncodings = 0;
			knownRegions = (
				en,
				Base,
			);
			mainGroup = CE6801831FDA94F10056D802;
			productRefGroup = CE68018D1FDA94F10056D802 /* Products */;
			projectDirPath = "";
			projectRoot = "";
			targets = (
				CE68018B1FDA94F10056D802 /* HypnoNerd */,
				CE6801A31FDA94F10056D802 /* HypnoNerdTests */,
				CE6801AE1FDA94F10056D802 /* HypnoNerdUITests */,
			);
		};
/* End PBXProject section */

/* Begin PBXResourcesBuildPhase section */
		CE68018A1FDA94F10056D802 /* Resources */ = {
			isa = PBXResourcesBuildPhase;
			buildActionMask = 2147483647;
			files = (
				CE68019C1FDA94F10056D802 /* LaunchScreen.storyboard in Resources */,
				CE84C5891FE1029E00642A52 /* ReminderViewController.xib in Resources */,
				CE6801991FDA94F10056D802 /* Assets.xcassets in Resources */,
			);
			runOnlyForDeploymentPostprocessing = 0;
		};
		CE6801A21FDA94F10056D802 /* Resources */ = {
			isa = PBXResourcesBuildPhase;
			buildActionMask = 2147483647;
			files = (
			);
			runOnlyForDeploymentPostprocessing = 0;
		};
		CE6801AD1FDA94F10056D802 /* Resources */ = {
			isa = PBXResourcesBuildPhase;
			buildActionMask = 2147483647;
			files = (
			);
			runOnlyForDeploymentPostprocessing = 0;
		};
/* End PBXResourcesBuildPhase section */

/* Begin PBXSourcesBuildPhase section */
		CE6801881FDA94F10056D802 /* Sources */ = {
			isa = PBXSourcesBuildPhase;
			buildActionMask = 2147483647;
			files = (
				CE68019F1FDA94F10056D802 /* main.m in Sources */,
				CE6801911FDA94F10056D802 /* AppDelegate.m in Sources */,
				CE6801C31FDA95100056D802 /* HypnosisView.m in Sources */,
				CE6801C61FDA97F10056D802 /* HypnosisViewController.m in Sources */,
				CE84C5871FE1027D00642A52 /* ReminderViewController.m in Sources */,
			);
			runOnlyForDeploymentPostprocessing = 0;
		};
		CE6801A01FDA94F10056D802 /* Sources */ = {
			isa = PBXSourcesBuildPhase;
			buildActionMask = 2147483647;
			files = (
				CE6801A91FDA94F10056D802 /* HypnoNerdTests.m in Sources */,
			);
			runOnlyForDeploymentPostprocessing = 0;
		};
		CE6801AB1FDA94F10056D802 /* Sources */ = {
			isa = PBXSourcesBuildPhase;
			buildActionMask = 2147483647;
			files = (
				CE6801B41FDA94F10056D802 /* HypnoNerdUITests.m in Sources */,
			);
			runOnlyForDeploymentPostprocessing = 0;
		};
/* End PBXSourcesBuildPhase section */

/* Begin PBXTargetDependency section */
		CE6801A61FDA94F10056D802 /* PBXTargetDependency */ = {
			isa = PBXTargetDependency;
			target = CE68018B1FDA94F10056D802 /* HypnoNerd */;
			targetProxy = CE6801A51FDA94F10056D802 /* PBXContainerItemProxy */;
		};
		CE6801B11FDA94F10056D802 /* PBXTargetDependency */ = {
			isa = PBXTargetDependency;
			target = CE68018B1FDA94F10056D802 /* HypnoNerd */;
			targetProxy = CE6801B01FDA94F10056D802 /* PBXContainerItemProxy */;
		};
/* End PBXTargetDependency section */

/* Begin PBXVariantGroup section */
		CE68019A1FDA94F10056D802 /* LaunchScreen.storyboard */ = {
			isa = PBXVariantGroup;
			children = (
				CE68019B1FDA94F10056D802 /* Base */,
			);
			name = LaunchScreen.storyboard;
			sourceTree = "<group>";
		};
/* End PBXVariantGroup section */

/* Begin XCBuildConfiguration section */
		CE6801B61FDA94F10056D802 /* Debug */ = {
			isa = XCBuildConfiguration;
			buildSettings = {
				ALWAYS_SEARCH_USER_PATHS = NO;
				CLANG_ANALYZER_NONNULL = YES;
				CLANG_ANALYZER_NUMBER_OBJECT_CONVERSION = YES_AGGRESSIVE;
				CLANG_CXX_LANGUAGE_STANDARD = "gnu++14";
				CLANG_CXX_LIBRARY = "libc++";
				CLANG_ENABLE_MODULES = YES;
				CLANG_ENABLE_OBJC_ARC = YES;
				CLANG_WARN_BLOCK_CAPTURE_AUTORELEASING = YES;
				CLANG_WARN_BOOL_CONVERSION = YES;
				CLANG_WARN_COMMA = YES;
				CLANG_WARN_CONSTANT_CONVERSION = YES;
				CLANG_WARN_DIRECT_OBJC_ISA_USAGE = YES_ERROR;
				CLANG_WARN_DOCUMENTATION_COMMENTS = YES;
				CLANG_WARN_EMPTY_BODY = YES;
				CLANG_WARN_ENUM_CONVERSION = YES;
				CLANG_WARN_INFINITE_RECURSION = YES;
				CLANG_WARN_INT_CONVERSION = YES;
				CLANG_WARN_NON_LITERAL_NULL_CONVERSION = YES;
				CLANG_WARN_OBJC_LITERAL_CONVERSION = YES;
				CLANG_WARN_OBJC_ROOT_CLASS = YES_ERROR;
				CLANG_WARN_RANGE_LOOP_ANALYSIS = YES;
				CLANG_WARN_STRICT_PROTOTYPES = YES;
				CLANG_WARN_SUSPICIOUS_MOVE = YES;
				CLANG_WARN_UNGUARDED_AVAILABILITY = YES_AGGRESSIVE;
				CLANG_WARN_UNREACHABLE_CODE = YES;
				CLANG_WARN__DUPLICATE_METHOD_MATCH = YES;
				CODE_SIGN_IDENTITY = "iPhone Developer";
				COPY_PHASE_STRIP = NO;
				DEBUG_INFORMATION_FORMAT = dwarf;
				ENABLE_STRICT_OBJC_MSGSEND = YES;
				ENABLE_TESTABILITY = YES;
				GCC_C_LANGUAGE_STANDARD = gnu11;
				GCC_DYNAMIC_NO_PIC = NO;
				GCC_NO_COMMON_BLOCKS = YES;
				GCC_OPTIMIZATION_LEVEL = 0;
				GCC_PREPROCESSOR_DEFINITIONS = (
					"DEBUG=1",
					"$(inherited)",
				);
				GCC_WARN_64_TO_32_BIT_CONVERSION = YES;
				GCC_WARN_ABOUT_RETURN_TYPE = YES_ERROR;
				GCC_WARN_UNDECLARED_SELECTOR = YES;
				GCC_WARN_UNINITIALIZED_AUTOS = YES_AGGRESSIVE;
				GCC_WARN_UNUSED_FUNCTION = YES;
				GCC_WARN_UNUSED_VARIABLE = YES;
				IPHONEOS_DEPLOYMENT_TARGET = 11.2;
				MTL_ENABLE_DEBUG_INFO = YES;
				ONLY_ACTIVE_ARCH = YES;
				SDKROOT = iphoneos;
			};
			name = Debug;
		};
		CE6801B71FDA94F10056D802 /* Release */ = {
			isa = XCBuildConfiguration;
			buildSettings = {
				ALWAYS_SEARCH_USER_PATHS = NO;
				CLANG_ANALYZER_NONNULL = YES;
				CLANG_ANALYZER_NUMBER_OBJECT_CONVERSION = YES_AGGRESSIVE;
				CLANG_CXX_LANGUAGE_STANDARD = "gnu++14";
				CLANG_CXX_LIBRARY = "libc++";
				CLANG_ENABLE_MODULES = YES;
				CLANG_ENABLE_OBJC_ARC = YES;
				CLANG_WARN_BLOCK_CAPTURE_AUTORELEASING = YES;
				CLANG_WARN_BOOL_CONVERSION = YES;
				CLANG_WARN_COMMA = YES;
				CLANG_WARN_CONSTANT_CONVERSION = YES;
				CLANG_WARN_DIRECT_OBJC_ISA_USAGE = YES_ERROR;
				CLANG_WARN_DOCUMENTATION_COMMENTS = YES;
				CLANG_WARN_EMPTY_BODY = YES;
				CLANG_WARN_ENUM_CONVERSION = YES;
				CLANG_WARN_INFINITE_RECURSION = YES;
				CLANG_WARN_INT_CONVERSION = YES;
				CLANG_WARN_NON_LITERAL_NULL_CONVERSION = YES;
				CLANG_WARN_OBJC_LITERAL_CONVERSION = YES;
				CLANG_WARN_OBJC_ROOT_CLASS = YES_ERROR;
				CLANG_WARN_RANGE_LOOP_ANALYSIS = YES;
				CLANG_WARN_STRICT_PROTOTYPES = YES;
				CLANG_WARN_SUSPICIOUS_MOVE = YES;
				CLANG_WARN_UNGUARDED_AVAILABILITY = YES_AGGRESSIVE;
				CLANG_WARN_UNREACHABLE_CODE = YES;
				CLANG_WARN__DUPLICATE_METHOD_MATCH = YES;
				CODE_SIGN_IDENTITY = "iPhone Developer";
				COPY_PHASE_STRIP = NO;
				DEBUG_INFORMATION_FORMAT = "dwarf-with-dsym";
				ENABLE_NS_ASSERTIONS = NO;
				ENABLE_STRICT_OBJC_MSGSEND = YES;
				GCC_C_LANGUAGE_STANDARD = gnu11;
				GCC_NO_COMMON_BLOCKS = YES;
				GCC_WARN_64_TO_32_BIT_CONVERSION = YES;
				GCC_WARN_ABOUT_RETURN_TYPE = YES_ERROR;
				GCC_WARN_UNDECLARED_SELECTOR = YES;
				GCC_WARN_UNINITIALIZED_AUTOS = YES_AGGRESSIVE;
				GCC_WARN_UNUSED_FUNCTION = YES;
				GCC_WARN_UNUSED_VARIABLE = YES;
				IPHONEOS_DEPLOYMENT_TARGET = 11.2;
				MTL_ENABLE_DEBUG_INFO = NO;
				SDKROOT = iphoneos;
				VALIDATE_PRODUCT = YES;
			};
			name = Release;
		};
		CE6801B91FDA94F10056D802 /* Debug */ = {
			isa = XCBuildConfiguration;
			buildSettings = {
				ASSETCATALOG_COMPILER_APPICON_NAME = AppIcon;
				CODE_SIGN_STYLE = Automatic;
				DEVELOPMENT_TEAM = 8YUW62G748;
				INFOPLIST_FILE = HypnoNerd/Info.plist;
				LD_RUNPATH_SEARCH_PATHS = "$(inherited) @executable_path/Frameworks";
				PRODUCT_BUNDLE_IDENTIFIER = com.yeon.HypnoNerd;
				PRODUCT_NAME = "$(TARGET_NAME)";
				TARGETED_DEVICE_FAMILY = "1,2";
			};
			name = Debug;
		};
		CE6801BA1FDA94F10056D802 /* Release */ = {
			isa = XCBuildConfiguration;
			buildSettings = {
				ASSETCATALOG_COMPILER_APPICON_NAME = AppIcon;
				CODE_SIGN_STYLE = Automatic;
				DEVELOPMENT_TEAM = 8YUW62G748;
				INFOPLIST_FILE = HypnoNerd/Info.plist;
				LD_RUNPATH_SEARCH_PATHS = "$(inherited) @executable_path/Frameworks";
				PRODUCT_BUNDLE_IDENTIFIER = com.yeon.HypnoNerd;
				PRODUCT_NAME = "$(TARGET_NAME)";
				TARGETED_DEVICE_FAMILY = "1,2";
			};
			name = Release;
		};
		CE6801BC1FDA94F10056D802 /* Debug */ = {
			isa = XCBuildConfiguration;
			buildSettings = {
				BUNDLE_LOADER = "$(TEST_HOST)";
				CODE_SIGN_STYLE = Automatic;
				DEVELOPMENT_TEAM = 8YUW62G748;
				INFOPLIST_FILE = HypnoNerdTests/Info.plist;
				LD_RUNPATH_SEARCH_PATHS = "$(inherited) @executable_path/Frameworks @loader_path/Frameworks";
				PRODUCT_BUNDLE_IDENTIFIER = com.yeon.HypnoNerdTests;
				PRODUCT_NAME = "$(TARGET_NAME)";
				TARGETED_DEVICE_FAMILY = "1,2";
				TEST_HOST = "$(BUILT_PRODUCTS_DIR)/HypnoNerd.app/HypnoNerd";
			};
			name = Debug;
		};
		CE6801BD1FDA94F10056D802 /* Release */ = {
			isa = XCBuildConfiguration;
			buildSettings = {
				BUNDLE_LOADER = "$(TEST_HOST)";
				CODE_SIGN_STYLE = Automatic;
				DEVELOPMENT_TEAM = 8YUW62G748;
				INFOPLIST_FILE = HypnoNerdTests/Info.plist;
				LD_RUNPATH_SEARCH_PATHS = "$(inherited) @executable_path/Frameworks @loader_path/Frameworks";
				PRODUCT_BUNDLE_IDENTIFIER = com.yeon.HypnoNerdTests;
				PRODUCT_NAME = "$(TARGET_NAME)";
				TARGETED_DEVICE_FAMILY = "1,2";
				TEST_HOST = "$(BUILT_PRODUCTS_DIR)/HypnoNerd.app/HypnoNerd";
			};
			name = Release;
		};
		CE6801BF1FDA94F10056D802 /* Debug */ = {
			isa = XCBuildConfiguration;
			buildSettings = {
				CODE_SIGN_STYLE = Automatic;
				DEVELOPMENT_TEAM = 8YUW62G748;
				INFOPLIST_FILE = HypnoNerdUITests/Info.plist;
				LD_RUNPATH_SEARCH_PATHS = "$(inherited) @executable_path/Frameworks @loader_path/Frameworks";
				PRODUCT_BUNDLE_IDENTIFIER = com.yeon.HypnoNerdUITests;
				PRODUCT_NAME = "$(TARGET_NAME)";
				TARGETED_DEVICE_FAMILY = "1,2";
				TEST_TARGET_NAME = HypnoNerd;
			};
			name = Debug;
		};
		CE6801C01FDA94F10056D802 /* Release */ = {
			isa = XCBuildConfiguration;
			buildSettings = {
				CODE_SIGN_STYLE = Automatic;
				DEVELOPMENT_TEAM = 8YUW62G748;
				INFOPLIST_FILE = HypnoNerdUITests/Info.plist;
				LD_RUNPATH_SEARCH_PATHS = "$(inherited) @executable_path/Frameworks @loader_path/Frameworks";
				PRODUCT_BUNDLE_IDENTIFIER = com.yeon.HypnoNerdUITests;
				PRODUCT_NAME = "$(TARGET_NAME)";
				TARGETED_DEVICE_FAMILY = "1,2";
				TEST_TARGET_NAME = HypnoNerd;
			};
			name = Release;
		};
/* End XCBuildConfiguration section */

/* Begin XCConfigurationList section */
		CE6801871FDA94F10056D802 /* Build configuration list for PBXProject "HypnoNerd" */ = {
			isa = XCConfigurationList;
			buildConfigurations = (
				CE6801B61FDA94F10056D802 /* Debug */,
				CE6801B71FDA94F10056D802 /* Release */,
			);
			defaultConfigurationIsVisible = 0;
			defaultConfigurationName = Release;
		};
		CE6801B81FDA94F10056D802 /* Build configuration list for PBXNativeTarget "HypnoNerd" */ = {
			isa = XCConfigurationList;
			buildConfigurations = (
				CE6801B91FDA94F10056D802 /* Debug */,
				CE6801BA1FDA94F10056D802 /* Release */,
			);
			defaultConfigurationIsVisible = 0;
			defaultConfigurationName = Release;
		};
		CE6801BB1FDA94F10056D802 /* Build configuration list for PBXNativeTarget "HypnoNerdTests" */ = {
			isa = XCConfigurationList;
			buildConfigurations = (
				CE6801BC1FDA94F10056D802 /* Debug */,
				CE6801BD1FDA94F10056D802 /* Release */,
			);
			defaultConfigurationIsVisible = 0;
			defaultConfigurationName = Release;
		};
		CE6801BE1FDA94F10056D802 /* Build configuration list for PBXNativeTarget "HypnoNerdUITests" */ = {
			isa = XCConfigurationList;
			buildConfigurations = (
				CE6801BF1FDA94F10056D802 /* Debug */,
				CE6801C01FDA94F10056D802 /* Release */,
			);
			defaultConfigurationIsVisible = 0;
			defaultConfigurationName = Release;
		};
/* End XCConfigurationList section */
	};
	rootObject = CE6801841FDA94F10056D802 /* Project object */;
}
